
Microsoft Visual Studio Solution File, Format Version 12.00
# Visual Studio 2012
Project("{FAE04EC0-301F-11D3-BF4B-00C04F79EFBC}") = "SPA", "SPA\SPA.csproj", "{EA6CFD8C-DDC2-4962-B4E5-5601923808BA}"
EndProject
Global
	GlobalSection(SolutionConfigurationPlatforms) = preSolution
		Debug|Any CPU = Debug|Any CPU
		Release|Any CPU = Release|Any CPU
	EndGlobalSection
	GlobalSection(ProjectConfigurationPlatforms) = postSolution
		{EA6CFD8C-DDC2-4962-B4E5-5601923808BA}.Debug|Any CPU.ActiveCfg = Debug|Any CPU
		{EA6CFD8C-DDC2-4962-B4E5-5601923808BA}.Debug|Any CPU.Build.0 = Debug|Any CPU
		{EA6CFD8C-DDC2-4962-B4E5-5601923808BA}.Release|Any CPU.ActiveCfg = Release|Any CPU
		{EA6CFD8C-DDC2-4962-B4E5-5601923808BA}.Release|Any CPU.Build.0 = Release|Any CPU
	EndGlobalSection
	GlobalSection(SolutionProperties) = preSolution
		HideSolutionNode = FALSE
	EndGlobalSection
EndGlobal
