
Microsoft Visual Studio Solution File, Format Version 12.00
# Visual Studio Version 16
VisualStudioVersion = 16.0.30011.22
MinimumVisualStudioVersion = 10.0.40219.1
Project("{FAE04EC0-301F-11D3-BF4B-00C04F79EFBC}") = "SMS.Web", "SMS.Web\SMS.Web.csproj", "{5C099F12-C14A-454C-8264-C7004FB9F687}"
EndProject
Global
	GlobalSection(SolutionConfigurationPlatforms) = preSolution
		Debug|Any CPU = Debug|Any CPU
		Release|Any CPU = Release|Any CPU
	EndGlobalSection
	GlobalSection(ProjectConfigurationPlatforms) = postSolution
		{5C099F12-C14A-454C-8264-C7004FB9F687}.Debug|Any CPU.ActiveCfg = Debug|Any CPU
		{5C099F12-C14A-454C-8264-C7004FB9F687}.Debug|Any CPU.Build.0 = Debug|Any CPU
		{5C099F12-C14A-454C-8264-C7004FB9F687}.Release|Any CPU.ActiveCfg = Release|Any CPU
		{5C099F12-C14A-454C-8264-C7004FB9F687}.Release|Any CPU.Build.0 = Release|Any CPU
	EndGlobalSection
	GlobalSection(SolutionProperties) = preSolution
		HideSolutionNode = FALSE
	EndGlobalSection
	GlobalSection(ExtensibilityGlobals) = postSolution
		SolutionGuid = {01601EA2-5E8E-4E47-9D3D-6E98890F7368}
	EndGlobalSection
EndGlobal
