
Microsoft Visual Studio Solution File, Format Version 12.00
# Visual Studio Version 16
VisualStudioVersion = 16.0.30907.101
MinimumVisualStudioVersion = 10.0.40219.1
Project("{FAE04EC0-301F-11D3-BF4B-00C04F79EFBC}") = "MarkdownToHtml", "MarkdownToHtml\MarkdownToHtml.csproj", "{D426FFFD-13CE-4801-8961-D1881C02D9BC}"
EndProject
Global
	GlobalSection(SolutionConfigurationPlatforms) = preSolution
		Debug|Any CPU = Debug|Any CPU
		Release|Any CPU = Release|Any CPU
	EndGlobalSection
	GlobalSection(ProjectConfigurationPlatforms) = postSolution
		{D426FFFD-13CE-4801-8961-D1881C02D9BC}.Debug|Any CPU.ActiveCfg = Debug|Any CPU
		{D426FFFD-13CE-4801-8961-D1881C02D9BC}.Debug|Any CPU.Build.0 = Debug|Any CPU
		{D426FFFD-13CE-4801-8961-D1881C02D9BC}.Release|Any CPU.ActiveCfg = Release|Any CPU
		{D426FFFD-13CE-4801-8961-D1881C02D9BC}.Release|Any CPU.Build.0 = Release|Any CPU
	EndGlobalSection
	GlobalSection(SolutionProperties) = preSolution
		HideSolutionNode = FALSE
	EndGlobalSection
	GlobalSection(ExtensibilityGlobals) = postSolution
		SolutionGuid = {5A3D69AE-9EB4-454C-9A52-0DCF0F5E4E58}
	EndGlobalSection
EndGlobal
