
Microsoft Visual Studio Solution File, Format Version 12.00
# Visual Studio Version 16
VisualStudioVersion = 16.0.30413.136
MinimumVisualStudioVersion = 10.0.40219.1
Project("{FAE04EC0-301F-11D3-BF4B-00C04F79EFBC}") = "MVCAuth", "MVCAuth\MVCAuth.csproj", "{107B11EB-5B7F-4E60-9BB1-6BEB6775583D}"
EndProject
Global
	GlobalSection(SolutionConfigurationPlatforms) = preSolution
		Debug|Any CPU = Debug|Any CPU
		Release|Any CPU = Release|Any CPU
	EndGlobalSection
	GlobalSection(ProjectConfigurationPlatforms) = postSolution
		{107B11EB-5B7F-4E60-9BB1-6BEB6775583D}.Debug|Any CPU.ActiveCfg = Debug|Any CPU
		{107B11EB-5B7F-4E60-9BB1-6BEB6775583D}.Debug|Any CPU.Build.0 = Debug|Any CPU
		{107B11EB-5B7F-4E60-9BB1-6BEB6775583D}.Release|Any CPU.ActiveCfg = Release|Any CPU
		{107B11EB-5B7F-4E60-9BB1-6BEB6775583D}.Release|Any CPU.Build.0 = Release|Any CPU
	EndGlobalSection
	GlobalSection(SolutionProperties) = preSolution
		HideSolutionNode = FALSE
	EndGlobalSection
	GlobalSection(ExtensibilityGlobals) = postSolution
		SolutionGuid = {76A645E0-0429-41A6-9A10-50A0DA5AE1E2}
	EndGlobalSection
EndGlobal
