
Microsoft Visual Studio Solution File, Format Version 12.00
# Visual Studio 2012
Project("{FAE04EC0-301F-11D3-BF4B-00C04F79EFBC}") = "AngularWeb", "AngularWeb\AngularWeb.csproj", "{80BCDEA5-0838-4BBE-A690-3AB73BBDF582}"
EndProject
Global
	GlobalSection(SolutionConfigurationPlatforms) = preSolution
		Debug|Any CPU = Debug|Any CPU
		Release|Any CPU = Release|Any CPU
	EndGlobalSection
	GlobalSection(ProjectConfigurationPlatforms) = postSolution
		{80BCDEA5-0838-4BBE-A690-3AB73BBDF582}.Debug|Any CPU.ActiveCfg = Debug|Any CPU
		{80BCDEA5-0838-4BBE-A690-3AB73BBDF582}.Debug|Any CPU.Build.0 = Debug|Any CPU
		{80BCDEA5-0838-4BBE-A690-3AB73BBDF582}.Release|Any CPU.ActiveCfg = Release|Any CPU
		{80BCDEA5-0838-4BBE-A690-3AB73BBDF582}.Release|Any CPU.Build.0 = Release|Any CPU
	EndGlobalSection
	GlobalSection(SolutionProperties) = preSolution
		HideSolutionNode = FALSE
	EndGlobalSection
EndGlobal
